
Microsoft Visual Studio Solution File, Format Version 12.00
# Visual Studio Version 16
VisualStudioVersion = 16.0.33529.622
MinimumVisualStudioVersion = 10.0.40219.1
Project("{FAE04EC0-301F-11D3-BF4B-00C04F79EFBC}") = "WPF_22", "WPF_22\WPF_22.csproj", "{D773FCE1-F8D9-4B64-9345-C0AAC0C77AA5}"
EndProject
Global
	GlobalSection(SolutionConfigurationPlatforms) = preSolution
		Debug|Any CPU = Debug|Any CPU
		Release|Any CPU = Release|Any CPU
	EndGlobalSection
	GlobalSection(ProjectConfigurationPlatforms) = postSolution
		{D773FCE1-F8D9-4B64-9345-C0AAC0C77AA5}.Debug|Any CPU.ActiveCfg = Debug|Any CPU
		{D773FCE1-F8D9-4B64-9345-C0AAC0C77AA5}.Debug|Any CPU.Build.0 = Debug|Any CPU
		{D773FCE1-F8D9-4B64-9345-C0AAC0C77AA5}.Release|Any CPU.ActiveCfg = Release|Any CPU
		{D773FCE1-F8D9-4B64-9345-C0AAC0C77AA5}.Release|Any CPU.Build.0 = Release|Any CPU
	EndGlobalSection
	GlobalSection(SolutionProperties) = preSolution
		HideSolutionNode = FALSE
	EndGlobalSection
	GlobalSection(ExtensibilityGlobals) = postSolution
		SolutionGuid = {06E31D97-A7D1-4540-A29B-531B533F0D49}
	EndGlobalSection
EndGlobal
